// !$*UTF8*$!
{
	archiveVersion = 1;
	classes = {
	};
	objectVersion = 46;
	objects = {

/* Begin PBXBuildFile section */
		AAEDF71A1B1234F500B5A76C /* AppDelegate.swift in Sources */ = {isa = PBXBuildFile; fileRef = AAEDF7191B1234F500B5A76C /* AppDelegate.swift */; };
		AAEDF71C1B1234F500B5A76C /* ViewController.swift in Sources */ = {isa = PBXBuildFile; fileRef = AAEDF71B1B1234F500B5A76C /* ViewController.swift */; };
		AAEDF71F1B1234F500B5A76C /* Main.storyboard in Resources */ = {isa = PBXBuildFile; fileRef = AAEDF71D1B1234F500B5A76C /* Main.storyboard */; };
		AAEDF7211B1234F500B5A76C /* Images.xcassets in Resources */ = {isa = PBXBuildFile; fileRef = AAEDF7201B1234F500B5A76C /* Images.xcassets */; };
		AAEDF7241B1234F500B5A76C /* LaunchScreen.xib in Resources */ = {isa = PBXBuildFile; fileRef = AAEDF7221B1234F500B5A76C /* LaunchScreen.xib */; };
		AAEDF7301B1234F500B5A76C /* chatAppTests.swift in Sources */ = {isa = PBXBuildFile; fileRef = AAEDF72F1B1234F500B5A76C /* chatAppTests.swift */; };
/* End PBXBuildFile section */

/* Begin PBXContainerItemProxy section */
		AAEDF72A1B1234F500B5A76C /* PBXContainerItemProxy */ = {
			isa = PBXContainerItemProxy;
			containerPortal = AAEDF70C1B1234F500B5A76C /* Project object */;
			proxyType = 1;
			remoteGlobalIDString = AAEDF7131B1234F500B5A76C;
			remoteInfo = chatApp;
		};
/* End PBXContainerItemProxy section */

/* Begin PBXFileReference section */
		AAEDF7141B1234F500B5A76C /* chatApp.app */ = {isa = PBXFileReference; explicitFileType = wrapper.application; includeInIndex = 0; path = chatApp.app; sourceTree = BUILT_PRODUCTS_DIR; };
		AAEDF7181B1234F500B5A76C /* Info.plist */ = {isa = PBXFileReference; lastKnownFileType = text.plist.xml; path = Info.plist; sourceTree = "<group>"; };
		AAEDF7191B1234F500B5A76C /* AppDelegate.swift */ = {isa = PBXFileReference; lastKnownFileType = sourcecode.swift; path = AppDelegate.swift; sourceTree = "<group>"; };
		AAEDF71B1B1234F500B5A76C /* ViewController.swift */ = {isa = PBXFileReference; lastKnownFileType = sourcecode.swift; path = ViewController.swift; sourceTree = "<group>"; };
		AAEDF71E1B1234F500B5A76C /* Base */ = {isa = PBXFileReference; lastKnownFileType = file.storyboard; name = Base; path = Base.lproj/Main.storyboard; sourceTree = "<group>"; };
		AAEDF7201B1234F500B5A76C /* Images.xcassets */ = {isa = PBXFileReference; lastKnownFileType = folder.assetcatalog; path = Images.xcassets; sourceTree = "<group>"; };
		AAEDF7231B1234F500B5A76C /* Base */ = {isa = PBXFileReference; lastKnownFileType = file.xib; name = Base; path = Base.lproj/LaunchScreen.xib; sourceTree = "<group>"; };
		AAEDF7291B1234F500B5A76C /* chatAppTests.xctest */ = {isa = PBXFileReference; explicitFileType = wrapper.cfbundle; includeInIndex = 0; path = chatAppTests.xctest; sourceTree = BUILT_PRODUCTS_DIR; };
		AAEDF72E1B1234F500B5A76C /* Info.plist */ = {isa = PBXFileReference; lastKnownFileType = text.plist.xml; path = Info.plist; sourceTree = "<group>"; };
		AAEDF72F1B1234F500B5A76C /* chatAppTests.swift */ = {isa = PBXFileReference; lastKnownFileType = sourcecode.swift; path = chatAppTests.swift; sourceTree = "<group>"; };
/* End PBXFileReference section */

/* Begin PBXFrameworksBuildPhase section */
		AAEDF7111B1234F500B5A76C /* Frameworks */ = {
			isa = PBXFrameworksBuildPhase;
			buildActionMask = 2147483647;
			files = (
			);
			runOnlyForDeploymentPostprocessing = 0;
		};
		AAEDF7261B1234F500B5A76C /* Frameworks */ = {
			isa = PBXFrameworksBuildPhase;
			buildActionMask = 2147483647;
			files = (
			);
			runOnlyForDeploymentPostprocessing = 0;
		};
/* End PBXFrameworksBuildPhase section */

/* Begin PBXGroup section */
		AAEDF70B1B1234F500B5A76C = {
			isa = PBXGroup;
			children = (
				AAEDF7161B1234F500B5A76C /* chatApp */,
				AAEDF72C1B1234F500B5A76C /* chatAppTests */,
				AAEDF7151B1234F500B5A76C /* Products */,
			);
			sourceTree = "<group>";
		};
		AAEDF7151B1234F500B5A76C /* Products */ = {
			isa = PBXGroup;
			children = (
				AAEDF7141B1234F500B5A76C /* chatApp.app */,
				AAEDF7291B1234F500B5A76C /* chatAppTests.xctest */,
			);
			name = Products;
			sourceTree = "<group>";
		};
		AAEDF7161B1234F500B5A76C /* chatApp */ = {
			isa = PBXGroup;
			children = (
				AAEDF7191B1234F500B5A76C /* AppDelegate.swift */,
				AAEDF71B1B1234F500B5A76C /* ViewController.swift */,
				AAEDF71D1B1234F500B5A76C /* Main.storyboard */,
				AAEDF7201B1234F500B5A76C /* Images.xcassets */,
				AAEDF7221B1234F500B5A76C /* LaunchScreen.xib */,
				AAEDF7171B1234F500B5A76C /* Supporting Files */,
			);
			path = chatApp;
			sourceTree = "<group>";
		};
		AAEDF7171B1234F500B5A76C /* Supporting Files */ = {
			isa = PBXGroup;
			children = (
				AAEDF7181B1234F500B5A76C /* Info.plist */,
			);
			name = "Supporting Files";
			sourceTree = "<group>";
		};
		AAEDF72C1B1234F500B5A76C /* chatAppTests */ = {
			isa = PBXGroup;
			children = (
				AAEDF72F1B1234F500B5A76C /* chatAppTests.swift */,
				AAEDF72D1B1234F500B5A76C /* Supporting Files */,
			);
			path = chatAppTests;
			sourceTree = "<group>";
		};
		AAEDF72D1B1234F500B5A76C /* Supporting Files */ = {
			isa = PBXGroup;
			children = (
				AAEDF72E1B1234F500B5A76C /* Info.plist */,
			);
			name = "Supporting Files";
			sourceTree = "<group>";
		};
/* End PBXGroup section */

/* Begin PBXNativeTarget section */
		AAEDF7131B1234F500B5A76C /* chatApp */ = {
			isa = PBXNativeTarget;
			buildConfigurationList = AAEDF7331B1234F500B5A76C /* Build configuration list for PBXNativeTarget "chatApp" */;
			buildPhases = (
				AAEDF7101B1234F500B5A76C /* Sources */,
				AAEDF7111B1234F500B5A76C /* Frameworks */,
				AAEDF7121B1234F500B5A76C /* Resources */,
			);
			buildRules = (
			);
			dependencies = (
			);
			name = chatApp;
			productName = chatApp;
			productReference = AAEDF7141B1234F500B5A76C /* chatApp.app */;
			productType = "com.apple.product-type.application";
		};
		AAEDF7281B1234F500B5A76C /* chatAppTests */ = {
			isa = PBXNativeTarget;
			buildConfigurationList = AAEDF7361B1234F500B5A76C /* Build configuration list for PBXNativeTarget "chatAppTests" */;
			buildPhases = (
				AAEDF7251B1234F500B5A76C /* Sources */,
				AAEDF7261B1234F500B5A76C /* Frameworks */,
				AAEDF7271B1234F500B5A76C /* Resources */,
			);
			buildRules = (
			);
			dependencies = (
				AAEDF72B1B1234F500B5A76C /* PBXTargetDependency */,
			);
			name = chatAppTests;
			productName = chatAppTests;
			productReference = AAEDF7291B1234F500B5A76C /* chatAppTests.xctest */;
			productType = "com.apple.product-type.bundle.unit-test";
		};
/* End PBXNativeTarget section */

/* Begin PBXProject section */
		AAEDF70C1B1234F500B5A76C /* Project object */ = {
			isa = PBXProject;
			attributes = {
				LastUpgradeCheck = 0630;
				ORGANIZATIONNAME = oratnek.inc;
				TargetAttributes = {
					AAEDF7131B1234F500B5A76C = {
						CreatedOnToolsVersion = 6.3.1;
					};
					AAEDF7281B1234F500B5A76C = {
						CreatedOnToolsVersion = 6.3.1;
						TestTargetID = AAEDF7131B1234F500B5A76C;
					};
				};
			};
			buildConfigurationList = AAEDF70F1B1234F500B5A76C /* Build configuration list for PBXProject "chatApp" */;
			compatibilityVersion = "Xcode 3.2";
			developmentRegion = English;
			hasScannedForEncodings = 0;
			knownRegions = (
				en,
				Base,
			);
			mainGroup = AAEDF70B1B1234F500B5A76C;
			productRefGroup = AAEDF7151B1234F500B5A76C /* Products */;
			projectDirPath = "";
			projectRoot = "";
			targets = (
				AAEDF7131B1234F500B5A76C /* chatApp */,
				AAEDF7281B1234F500B5A76C /* chatAppTests */,
			);
		};
/* End PBXProject section */

/* Begin PBXResourcesBuildPhase section */
		AAEDF7121B1234F500B5A76C /* Resources */ = {
			isa = PBXResourcesBuildPhase;
			buildActionMask = 2147483647;
			files = (
				AAEDF71F1B1234F500B5A76C /* Main.storyboard in Resources */,
				AAEDF7241B1234F500B5A76C /* LaunchScreen.xib in Resources */,
				AAEDF7211B1234F500B5A76C /* Images.xcassets in Resources */,
			);
			runOnlyForDeploymentPostprocessing = 0;
		};
		AAEDF7271B1234F500B5A76C /* Resources */ = {
			isa = PBXResourcesBuildPhase;
			buildActionMask = 2147483647;
			files = (
			);
			runOnlyForDeploymentPostprocessing = 0;
		};
/* End PBXResourcesBuildPhase section */

/* Begin PBXSourcesBuildPhase section */
		AAEDF7101B1234F500B5A76C /* Sources */ = {
			isa = PBXSourcesBuildPhase;
			buildActionMask = 2147483647;
			files = (
				AAEDF71C1B1234F500B5A76C /* ViewController.swift in Sources */,
				AAEDF71A1B1234F500B5A76C /* AppDelegate.swift in Sources */,
			);
			runOnlyForDeploymentPostprocessing = 0;
		};
		AAEDF7251B1234F500B5A76C /* Sources */ = {
			isa = PBXSourcesBuildPhase;
			buildActionMask = 2147483647;
			files = (
				AAEDF7301B1234F500B5A76C /* chatAppTests.swift in Sources */,
			);
			runOnlyForDeploymentPostprocessing = 0;
		};
/* End PBXSourcesBuildPhase section */

/* Begin PBXTargetDependency section */
		AAEDF72B1B1234F500B5A76C /* PBXTargetDependency */ = {
			isa = PBXTargetDependency;
			target = AAEDF7131B1234F500B5A76C /* chatApp */;
			targetProxy = AAEDF72A1B1234F500B5A76C /* PBXContainerItemProxy */;
		};
/* End PBXTargetDependency section */

/* Begin PBXVariantGroup section */
		AAEDF71D1B1234F500B5A76C /* Main.storyboard */ = {
			isa = PBXVariantGroup;
			children = (
				AAEDF71E1B1234F500B5A76C /* Base */,
			);
			name = Main.storyboard;
			sourceTree = "<group>";
		};
		AAEDF7221B1234F500B5A76C /* LaunchScreen.xib */ = {
			isa = PBXVariantGroup;
			children = (
				AAEDF7231B1234F500B5A76C /* Base */,
			);
			name = LaunchScreen.xib;
			sourceTree = "<group>";
		};
/* End PBXVariantGroup section */

/* Begin XCBuildConfiguration section */
		AAEDF7311B1234F500B5A76C /* Debug */ = {
			isa = XCBuildConfiguration;
			buildSettings = {
				ALWAYS_SEARCH_USER_PATHS = NO;
				CLANG_CXX_LANGUAGE_STANDARD = "gnu++0x";
				CLANG_CXX_LIBRARY = "libc++";
				CLANG_ENABLE_MODULES = YES;
				CLANG_ENABLE_OBJC_ARC = YES;
				CLANG_WARN_BOOL_CONVERSION = YES;
				CLANG_WARN_CONSTANT_CONVERSION = YES;
				CLANG_WARN_DIRECT_OBJC_ISA_USAGE = YES_ERROR;
				CLANG_WARN_EMPTY_BODY = YES;
				CLANG_WARN_ENUM_CONVERSION = YES;
				CLANG_WARN_INT_CONVERSION = YES;
				CLANG_WARN_OBJC_ROOT_CLASS = YES_ERROR;
				CLANG_WARN_UNREACHABLE_CODE = YES;
				CLANG_WARN__DUPLICATE_METHOD_MATCH = YES;
				"CODE_SIGN_IDENTITY[sdk=iphoneos*]" = "iPhone Developer";
				COPY_PHASE_STRIP = NO;
				DEBUG_INFORMATION_FORMAT = "dwarf-with-dsym";
				ENABLE_STRICT_OBJC_MSGSEND = YES;
				GCC_C_LANGUAGE_STANDARD = gnu99;
				GCC_DYNAMIC_NO_PIC = NO;
				GCC_NO_COMMON_BLOCKS = YES;
				GCC_OPTIMIZATION_LEVEL = 0;
				GCC_PREPROCESSOR_DEFINITIONS = (
					"DEBUG=1",
					"$(inherited)",
				);
				GCC_SYMBOLS_PRIVATE_EXTERN = NO;
				GCC_WARN_64_TO_32_BIT_CONVERSION = YES;
				GCC_WARN_ABOUT_RETURN_TYPE = YES_ERROR;
				GCC_WARN_UNDECLARED_SELECTOR = YES;
				GCC_WARN_UNINITIALIZED_AUTOS = YES_AGGRESSIVE;
				GCC_WARN_UNUSED_FUNCTION = YES;
				GCC_WARN_UNUSED_VARIABLE = YES;
				IPHONEOS_DEPLOYMENT_TARGET = 8.3;
				MTL_ENABLE_DEBUG_INFO = YES;
				ONLY_ACTIVE_ARCH = YES;
				SDKROOT = iphoneos;
				SWIFT_OPTIMIZATION_LEVEL = "-Onone";
			};
			name = Debug;
		};
		AAEDF7321B1234F500B5A76C /* Release */ = {
			isa = XCBuildConfiguration;
			buildSettings = {
				ALWAYS_SEARCH_USER_PATHS = NO;
				CLANG_CXX_LANGUAGE_STANDARD = "gnu++0x";
				CLANG_CXX_LIBRARY = "libc++";
				CLANG_ENABLE_MODULES = YES;
				CLANG_ENABLE_OBJC_ARC = YES;
				CLANG_WARN_BOOL_CONVERSION = YES;
				CLANG_WARN_CONSTANT_CONVERSION = YES;
				CLANG_WARN_DIRECT_OBJC_ISA_USAGE = YES_ERROR;
				CLANG_WARN_EMPTY_BODY = YES;
				CLANG_WARN_ENUM_CONVERSION = YES;
				CLANG_WARN_INT_CONVERSION = YES;
				CLANG_WARN_OBJC_ROOT_CLASS = YES_ERROR;
				CLANG_WARN_UNREACHABLE_CODE = YES;
				CLANG_WARN__DUPLICATE_METHOD_MATCH = YES;
				"CODE_SIGN_IDENTITY[sdk=iphoneos*]" = "iPhone Developer";
				COPY_PHASE_STRIP = NO;
				DEBUG_INFORMATION_FORMAT = "dwarf-with-dsym";
				ENABLE_NS_ASSERTIONS = NO;
				ENABLE_STRICT_OBJC_MSGSEND = YES;
				GCC_C_LANGUAGE_STANDARD = gnu99;
				GCC_NO_COMMON_BLOCKS = YES;
				GCC_WARN_64_TO_32_BIT_CONVERSION = YES;
				GCC_WARN_ABOUT_RETURN_TYPE = YES_ERROR;
				GCC_WARN_UNDECLARED_SELECTOR = YES;
				GCC_WARN_UNINITIALIZED_AUTOS = YES_AGGRESSIVE;
				GCC_WARN_UNUSED_FUNCTION = YES;
				GCC_WARN_UNUSED_VARIABLE = YES;
				IPHONEOS_DEPLOYMENT_TARGET = 8.3;
				MTL_ENABLE_DEBUG_INFO = NO;
				SDKROOT = iphoneos;
				VALIDATE_PRODUCT = YES;
			};
			name = Release;
		};
		AAEDF7341B1234F500B5A76C /* Debug */ = {
			isa = XCBuildConfiguration;
			buildSettings = {
				ASSETCATALOG_COMPILER_APPICON_NAME = AppIcon;
				INFOPLIST_FILE = chatApp/Info.plist;
				LD_RUNPATH_SEARCH_PATHS = "$(inherited) @executable_path/Frameworks";
				PRODUCT_NAME = "$(TARGET_NAME)";
			};
			name = Debug;
		};
		AAEDF7351B1234F500B5A76C /* Release */ = {
			isa = XCBuildConfiguration;
			buildSettings = {
				ASSETCATALOG_COMPILER_APPICON_NAME = AppIcon;
				INFOPLIST_FILE = chatApp/Info.plist;
				LD_RUNPATH_SEARCH_PATHS = "$(inherited) @executable_path/Frameworks";
				PRODUCT_NAME = "$(TARGET_NAME)";
			};
			name = Release;
		};
		AAEDF7371B1234F500B5A76C /* Debug */ = {
			isa = XCBuildConfiguration;
			buildSettings = {
				BUNDLE_LOADER = "$(TEST_HOST)";
				FRAMEWORK_SEARCH_PATHS = (
					"$(SDKROOT)/Developer/Library/Frameworks",
					"$(inherited)",
				);
				GCC_PREPROCESSOR_DEFINITIONS = (
					"DEBUG=1",
					"$(inherited)",
				);
				INFOPLIST_FILE = chatAppTests/Info.plist;
				LD_RUNPATH_SEARCH_PATHS = "$(inherited) @executable_path/Frameworks @loader_path/Frameworks";
				PRODUCT_NAME = "$(TARGET_NAME)";
				TEST_HOST = "$(BUILT_PRODUCTS_DIR)/chatApp.app/chatApp";
			};
			name = Debug;
		};
		AAEDF7381B1234F500B5A76C /* Release */ = {
			isa = XCBuildConfiguration;
			buildSettings = {
				BUNDLE_LOADER = "$(TEST_HOST)";
				FRAMEWORK_SEARCH_PATHS = (
					"$(SDKROOT)/Developer/Library/Frameworks",
					"$(inherited)",
				);
				INFOPLIST_FILE = chatAppTests/Info.plist;
				LD_RUNPATH_SEARCH_PATHS = "$(inherited) @executable_path/Frameworks @loader_path/Frameworks";
				PRODUCT_NAME = "$(TARGET_NAME)";
				TEST_HOST = "$(BUILT_PRODUCTS_DIR)/chatApp.app/chatApp";
			};
			name = Release;
		};
/* End XCBuildConfiguration section */

/* Begin XCConfigurationList section */
		AAEDF70F1B1234F500B5A76C /* Build configuration list for PBXProject "chatApp" */ = {
			isa = XCConfigurationList;
			buildConfigurations = (
				AAEDF7311B1234F500B5A76C /* Debug */,
				AAEDF7321B1234F500B5A76C /* Release */,
			);
			defaultConfigurationIsVisible = 0;
			defaultConfigurationName = Release;
		};
		AAEDF7331B1234F500B5A76C /* Build configuration list for PBXNativeTarget "chatApp" */ = {
			isa = XCConfigurationList;
			buildConfigurations = (
				AAEDF7341B1234F500B5A76C /* Debug */,
				AAEDF7351B1234F500B5A76C /* Release */,
			);
			defaultConfigurationIsVisible = 0;
		};
		AAEDF7361B1234F500B5A76C /* Build configuration list for PBXNativeTarget "chatAppTests" */ = {
			isa = XCConfigurationList;
			buildConfigurations = (
				AAEDF7371B1234F500B5A76C /* Debug */,
				AAEDF7381B1234F500B5A76C /* Release */,
			);
			defaultConfigurationIsVisible = 0;
		};
/* End XCConfigurationList section */
	};
	rootObject = AAEDF70C1B1234F500B5A76C /* Project object */;
}
